// !$*UTF8*$!
{
	archiveVersion = 1;
	classes = {
	};
	objectVersion = 46;
	objects = {

/* Begin PBXBuildFile section */
		242B4A591D65EFF1000117A2 /* AppDelegate.swift in Sources */ = {isa = PBXBuildFile; fileRef = 242B4A581D65EFF1000117A2 /* AppDelegate.swift */; };
		242B4A5B1D65EFF1000117A2 /* ViewController.swift in Sources */ = {isa = PBXBuildFile; fileRef = 242B4A5A1D65EFF1000117A2 /* ViewController.swift */; };
		242B4A5E1D65EFF1000117A2 /* Main.storyboard in Resources */ = {isa = PBXBuildFile; fileRef = 242B4A5C1D65EFF1000117A2 /* Main.storyboard */; };
		242B4A601D65EFF1000117A2 /* Assets.xcassets in Resources */ = {isa = PBXBuildFile; fileRef = 242B4A5F1D65EFF1000117A2 /* Assets.xcassets */; };
		242B4A631D65EFF1000117A2 /* LaunchScreen.storyboard in Resources */ = {isa = PBXBuildFile; fileRef = 242B4A611D65EFF1000117A2 /* LaunchScreen.storyboard */; };
		242B4A6B1D65F056000117A2 /* TestViewController.swift in Sources */ = {isa = PBXBuildFile; fileRef = 242B4A6A1D65F056000117A2 /* TestViewController.swift */; };
/* End PBXBuildFile section */

/* Begin PBXFileReference section */
		242B4A551D65EFF1000117A2 /* Segue.app */ = {isa = PBXFileReference; explicitFileType = wrapper.application; includeInIndex = 0; path = Segue.app; sourceTree = BUILT_PRODUCTS_DIR; };
		242B4A581D65EFF1000117A2 /* AppDelegate.swift */ = {isa = PBXFileReference; lastKnownFileType = sourcecode.swift; path = AppDelegate.swift; sourceTree = "<group>"; };
		242B4A5A1D65EFF1000117A2 /* ViewController.swift */ = {isa = PBXFileReference; lastKnownFileType = sourcecode.swift; path = ViewController.swift; sourceTree = "<group>"; };
		242B4A5D1D65EFF1000117A2 /* Base */ = {isa = PBXFileReference; lastKnownFileType = file.storyboard; name = Base; path = Base.lproj/Main.storyboard; sourceTree = "<group>"; };
		242B4A5F1D65EFF1000117A2 /* Assets.xcassets */ = {isa = PBXFileReference; lastKnownFileType = folder.assetcatalog; path = Assets.xcassets; sourceTree = "<group>"; };
		242B4A621D65EFF1000117A2 /* Base */ = {isa = PBXFileReference; lastKnownFileType = file.storyboard; name = Base; path = Base.lproj/LaunchScreen.storyboard; sourceTree = "<group>"; };
		242B4A641D65EFF1000117A2 /* Info.plist */ = {isa = PBXFileReference; lastKnownFileType = text.plist.xml; path = Info.plist; sourceTree = "<group>"; };
		242B4A6A1D65F056000117A2 /* TestViewController.swift */ = {isa = PBXFileReference; fileEncoding = 4; lastKnownFileType = sourcecode.swift; path = TestViewController.swift; sourceTree = "<group>"; };
/* End PBXFileReference section */

/* Begin PBXFrameworksBuildPhase section */
		242B4A521D65EFF1000117A2 /* Frameworks */ = {
			isa = PBXFrameworksBuildPhase;
			buildActionMask = 2147483647;
			files = (
			);
			runOnlyForDeploymentPostprocessing = 0;
		};
/* End PBXFrameworksBuildPhase section */

/* Begin PBXGroup section */
		242B4A4C1D65EFF1000117A2 = {
			isa = PBXGroup;
			children = (
				242B4A571D65EFF1000117A2 /* Segue */,
				242B4A561D65EFF1000117A2 /* Products */,
			);
			sourceTree = "<group>";
		};
		242B4A561D65EFF1000117A2 /* Products */ = {
			isa = PBXGroup;
			children = (
				242B4A551D65EFF1000117A2 /* Segue.app */,
			);
			name = Products;
			sourceTree = "<group>";
		};
		242B4A571D65EFF1000117A2 /* Segue */ = {
			isa = PBXGroup;
			children = (
				242B4A581D65EFF1000117A2 /* AppDelegate.swift */,
				242B4A5A1D65EFF1000117A2 /* ViewController.swift */,
				242B4A5C1D65EFF1000117A2 /* Main.storyboard */,
				242B4A6A1D65F056000117A2 /* TestViewController.swift */,
				242B4A5F1D65EFF1000117A2 /* Assets.xcassets */,
				242B4A611D65EFF1000117A2 /* LaunchScreen.storyboard */,
				242B4A641D65EFF1000117A2 /* Info.plist */,
			);
			path = Segue;
			sourceTree = "<group>";
		};
/* End PBXGroup section */

/* Begin PBXNativeTarget section */
		242B4A541D65EFF1000117A2 /* Segue */ = {
			isa = PBXNativeTarget;
			buildConfigurationList = 242B4A671D65EFF1000117A2 /* Build configuration list for PBXNativeTarget "Segue" */;
			buildPhases = (
				242B4A511D65EFF1000117A2 /* Sources */,
				242B4A521D65EFF1000117A2 /* Frameworks */,
				242B4A531D65EFF1000117A2 /* Resources */,
			);
			buildRules = (
			);
			dependencies = (
			);
			name = Segue;
			productName = Segue;
			productReference = 242B4A551D65EFF1000117A2 /* Segue.app */;
			productType = "com.apple.product-type.application";
		};
/* End PBXNativeTarget section */

/* Begin PBXProject section */
		242B4A4D1D65EFF1000117A2 /* Project object */ = {
			isa = PBXProject;
			attributes = {
				LastSwiftUpdateCheck = 0730;
				LastUpgradeCheck = 0730;
				ORGANIZATIONNAME = MISAWA.NET;
				TargetAttributes = {
					242B4A541D65EFF1000117A2 = {
						CreatedOnToolsVersion = 7.3.1;
					};
				};
			};
			buildConfigurationList = 242B4A501D65EFF1000117A2 /* Build configuration list for PBXProject "Segue" */;
			compatibilityVersion = "Xcode 3.2";
			developmentRegion = English;
			hasScannedForEncodings = 0;
			knownRegions = (
				en,
				Base,
			);
			mainGroup = 242B4A4C1D65EFF1000117A2;
			productRefGroup = 242B4A561D65EFF1000117A2 /* Products */;
			projectDirPath = "";
			projectRoot = "";
			targets = (
				242B4A541D65EFF1000117A2 /* Segue */,
			);
		};
/* End PBXProject section */

/* Begin PBXResourcesBuildPhase section */
		242B4A531D65EFF1000117A2 /* Resources */ = {
			isa = PBXResourcesBuildPhase;
			buildActionMask = 2147483647;
			files = (
				242B4A631D65EFF1000117A2 /* LaunchScreen.storyboard in Resources */,
				242B4A601D65EFF1000117A2 /* Assets.xcassets in Resources */,
				242B4A5E1D65EFF1000117A2 /* Main.storyboard in Resources */,
			);
			runOnlyForDeploymentPostprocessing = 0;
		};
/* End PBXResourcesBuildPhase section */

/* Begin PBXSourcesBuildPhase section */
		242B4A511D65EFF1000117A2 /* Sources */ = {
			isa = PBXSourcesBuildPhase;
			buildActionMask = 2147483647;
			files = (
				242B4A5B1D65EFF1000117A2 /* ViewController.swift in Sources */,
				242B4A6B1D65F056000117A2 /* TestViewController.swift in Sources */,
				242B4A591D65EFF1000117A2 /* AppDelegate.swift in Sources */,
			);
			runOnlyForDeploymentPostprocessing = 0;
		};
/* End PBXSourcesBuildPhase section */

/* Begin PBXVariantGroup section */
		242B4A5C1D65EFF1000117A2 /* Main.storyboard */ = {
			isa = PBXVariantGroup;
			children = (
				242B4A5D1D65EFF1000117A2 /* Base */,
			);
			name = Main.storyboard;
			sourceTree = "<group>";
		};
		242B4A611D65EFF1000117A2 /* LaunchScreen.storyboard */ = {
			isa = PBXVariantGroup;
			children = (
				242B4A621D65EFF1000117A2 /* Base */,
			);
			name = LaunchScreen.storyboard;
			sourceTree = "<group>";
		};
/* End PBXVariantGroup section */

/* Begin XCBuildConfiguration section */
		242B4A651D65EFF1000117A2 /* Debug */ = {
			isa = XCBuildConfiguration;
			buildSettings = {
				ALWAYS_SEARCH_USER_PATHS = NO;
				CLANG_ANALYZER_NONNULL = YES;
				CLANG_CXX_LANGUAGE_STANDARD = "gnu++0x";
				CLANG_CXX_LIBRARY = "libc++";
				CLANG_ENABLE_MODULES = YES;
				CLANG_ENABLE_OBJC_ARC = YES;
				CLANG_WARN_BOOL_CONVERSION = YES;
				CLANG_WARN_CONSTANT_CONVERSION = YES;
				CLANG_WARN_DIRECT_OBJC_ISA_USAGE = YES_ERROR;
				CLANG_WARN_EMPTY_BODY = YES;
				CLANG_WARN_ENUM_CONVERSION = YES;
				CLANG_WARN_INT_CONVERSION = YES;
				CLANG_WARN_OBJC_ROOT_CLASS = YES_ERROR;
				CLANG_WARN_UNREACHABLE_CODE = YES;
				CLANG_WARN__DUPLICATE_METHOD_MATCH = YES;
				"CODE_SIGN_IDENTITY[sdk=iphoneos*]" = "iPhone Developer";
				COPY_PHASE_STRIP = NO;
				DEBUG_INFORMATION_FORMAT = dwarf;
				ENABLE_STRICT_OBJC_MSGSEND = YES;
				ENABLE_TESTABILITY = YES;
				GCC_C_LANGUAGE_STANDARD = gnu99;
				GCC_DYNAMIC_NO_PIC = NO;
				GCC_NO_COMMON_BLOCKS = YES;
				GCC_OPTIMIZATION_LEVEL = 0;
				GCC_PREPROCESSOR_DEFINITIONS = (
					"DEBUG=1",
					"$(inherited)",
				);
				GCC_WARN_64_TO_32_BIT_CONVERSION = YES;
				GCC_WARN_ABOUT_RETURN_TYPE = YES_ERROR;
				GCC_WARN_UNDECLARED_SELECTOR = YES;
				GCC_WARN_UNINITIALIZED_AUTOS = YES_AGGRESSIVE;
				GCC_WARN_UNUSED_FUNCTION = YES;
				GCC_WARN_UNUSED_VARIABLE = YES;
				IPHONEOS_DEPLOYMENT_TARGET = 9.3;
				MTL_ENABLE_DEBUG_INFO = YES;
				ONLY_ACTIVE_ARCH = YES;
				SDKROOT = iphoneos;
				SWIFT_OPTIMIZATION_LEVEL = "-Onone";
			};
			name = Debug;
		};
		242B4A661D65EFF1000117A2 /* Release */ = {
			isa = XCBuildConfiguration;
			buildSettings = {
				ALWAYS_SEARCH_USER_PATHS = NO;
				CLANG_ANALYZER_NONNULL = YES;
				CLANG_CXX_LANGUAGE_STANDARD = "gnu++0x";
				CLANG_CXX_LIBRARY = "libc++";
				CLANG_ENABLE_MODULES = YES;
				CLANG_ENABLE_OBJC_ARC = YES;
				CLANG_WARN_BOOL_CONVERSION = YES;
				CLANG_WARN_CONSTANT_CONVERSION = YES;
				CLANG_WARN_DIRECT_OBJC_ISA_USAGE = YES_ERROR;
				CLANG_WARN_EMPTY_BODY = YES;
				CLANG_WARN_ENUM_CONVERSION = YES;
				CLANG_WARN_INT_CONVERSION = YES;
				CLANG_WARN_OBJC_ROOT_CLASS = YES_ERROR;
				CLANG_WARN_UNREACHABLE_CODE = YES;
				CLANG_WARN__DUPLICATE_METHOD_MATCH = YES;
				"CODE_SIGN_IDENTITY[sdk=iphoneos*]" = "iPhone Developer";
				COPY_PHASE_STRIP = NO;
				DEBUG_INFORMATION_FORMAT = "dwarf-with-dsym";
				ENABLE_NS_ASSERTIONS = NO;
				ENABLE_STRICT_OBJC_MSGSEND = YES;
				GCC_C_LANGUAGE_STANDARD = gnu99;
				GCC_NO_COMMON_BLOCKS = YES;
				GCC_WARN_64_TO_32_BIT_CONVERSION = YES;
				GCC_WARN_ABOUT_RETURN_TYPE = YES_ERROR;
				GCC_WARN_UNDECLARED_SELECTOR = YES;
				GCC_WARN_UNINITIALIZED_AUTOS = YES_AGGRESSIVE;
				GCC_WARN_UNUSED_FUNCTION = YES;
				GCC_WARN_UNUSED_VARIABLE = YES;
				IPHONEOS_DEPLOYMENT_TARGET = 9.3;
				MTL_ENABLE_DEBUG_INFO = NO;
				SDKROOT = iphoneos;
				VALIDATE_PRODUCT = YES;
			};
			name = Release;
		};
		242B4A681D65EFF1000117A2 /* Debug */ = {
			isa = XCBuildConfiguration;
			buildSettings = {
				ASSETCATALOG_COMPILER_APPICON_NAME = AppIcon;
				INFOPLIST_FILE = Segue/Info.plist;
				LD_RUNPATH_SEARCH_PATHS = "$(inherited) @executable_path/Frameworks";
				PRODUCT_BUNDLE_IDENTIFIER = net.misawa.Segue;
				PRODUCT_NAME = "$(TARGET_NAME)";
			};
			name = Debug;
		};
		242B4A691D65EFF1000117A2 /* Release */ = {
			isa = XCBuildConfiguration;
			buildSettings = {
				ASSETCATALOG_COMPILER_APPICON_NAME = AppIcon;
				INFOPLIST_FILE = Segue/Info.plist;
				LD_RUNPATH_SEARCH_PATHS = "$(inherited) @executable_path/Frameworks";
				PRODUCT_BUNDLE_IDENTIFIER = net.misawa.Segue;
				PRODUCT_NAME = "$(TARGET_NAME)";
			};
			name = Release;
		};
/* End XCBuildConfiguration section */

/* Begin XCConfigurationList section */
		242B4A501D65EFF1000117A2 /* Build configuration list for PBXProject "Segue" */ = {
			isa = XCConfigurationList;
			buildConfigurations = (
				242B4A651D65EFF1000117A2 /* Debug */,
				242B4A661D65EFF1000117A2 /* Release */,
			);
			defaultConfigurationIsVisible = 0;
			defaultConfigurationName = Release;
		};
		242B4A671D65EFF1000117A2 /* Build configuration list for PBXNativeTarget "Segue" */ = {
			isa = XCConfigurationList;
			buildConfigurations = (
				242B4A681D65EFF1000117A2 /* Debug */,
				242B4A691D65EFF1000117A2 /* Release */,
			);
			defaultConfigurationIsVisible = 0;
		};
/* End XCConfigurationList section */
	};
	rootObject = 242B4A4D1D65EFF1000117A2 /* Project object */;
}
